
Microsoft Visual Studio Solution File, Format Version 12.00
# Visual Studio 15
Project("{FAE04EC0-301F-11D3-BF4B-00C04F79EFBC}") = "Fantasia", "Assembly-CSharp.csproj", "{ECD19D00-53A6-7F8B-24E7-383BEF454DDB}"
EndProject
Project("{FAE04EC0-301F-11D3-BF4B-00C04F79EFBC}") = "Fantasia", "Assembly-CSharp-Editor.csproj", "{2455AF40-BC83-1ACF-148B-FA3948FB0502}"
EndProject
Global
	GlobalSection(SolutionConfigurationPlatforms) = preSolution
		Debug|Any CPU = Debug|Any CPU
		Release|Any CPU = Release|Any CPU
	EndGlobalSection
	GlobalSection(ProjectConfigurationPlatforms) = postSolution
		{ECD19D00-53A6-7F8B-24E7-383BEF454DDB}.Debug|Any CPU.ActiveCfg = Debug|Any CPU
		{ECD19D00-53A6-7F8B-24E7-383BEF454DDB}.Debug|Any CPU.Build.0 = Debug|Any CPU
		{ECD19D00-53A6-7F8B-24E7-383BEF454DDB}.Release|Any CPU.ActiveCfg = Release|Any CPU
		{ECD19D00-53A6-7F8B-24E7-383BEF454DDB}.Release|Any CPU.Build.0 = Release|Any CPU
		{2455AF40-BC83-1ACF-148B-FA3948FB0502}.Debug|Any CPU.ActiveCfg = Debug|Any CPU
		{2455AF40-BC83-1ACF-148B-FA3948FB0502}.Debug|Any CPU.Build.0 = Debug|Any CPU
		{2455AF40-BC83-1ACF-148B-FA3948FB0502}.Release|Any CPU.ActiveCfg = Release|Any CPU
		{2455AF40-BC83-1ACF-148B-FA3948FB0502}.Release|Any CPU.Build.0 = Release|Any CPU
	EndGlobalSection
	GlobalSection(SolutionProperties) = preSolution
		HideSolutionNode = FALSE
	EndGlobalSection
EndGlobal
